github.com/vladfreishmidt/dog v0.0.0-20230901113912-7cb42dceaf10 h1:M39G5GsU5Kgl6Jnq+p/P8ii8sn7hC+FXBoqjbvbE7sE=
github.com/vladfreishmidt/dog v0.0.0-20230901113912-7cb42dceaf10/go.mod h1:f9S1C1YJql8cWI8nkl8gDxXTeSSiiw9hvIt+dh24fL8=
github.com/vladfreishmidt/puppy v0.0.0-20230901111329-95c0ab55b40d h1:wC2HajAGQFSiNdB8SPH1Ge1HXJjt3vUbS3MYwA5I8oM=
github.com/vladfreishmidt/puppy v0.0.0-20230901111329-95c0ab55b40d/go.mod h1:f9f8x9npCxqC1JLgS8vBT/OJrSM3x8lecyHdQykK6R8=
github.com/vladfreishmidt/puppy v0.0.0-20230901125938-892ceb0c81c9 h1:MVaaqPRb1DYQKEKDVMUoQtiS67ZpPWUpnWjkKiqm2EU=
github.com/vladfreishmidt/puppy v0.0.0-20230901125938-892ceb0c81c9/go.mod h1:YWFxyvVNV/SNa+bGQoW6GL18RwjU0hgTFY/10HWRJco=
